PODS:
  - HQYPlayer/Core (0.2.5):
    - IJKMediaFramework
  - HQYPlayer/TXLiteAVSDK_Professional (0.2.5):
    - HQYPlayer/Core
    - IJKMediaFramework
    - TXLiteAVSDK_Professional
  - IJKMediaFramework (0.1.5)
  - TXLiteAVSDK_Professional (8.8.10257)

DEPENDENCIES:
  - HQYPlayer/TXLiteAVSDK_Professional (from `../`)

SPEC REPOS:
  trunk:
    - IJKMediaFramework
    - TXLiteAVSDK_Professional

EXTERNAL SOURCES:
  HQYPlayer:
    :path: "../"

SPEC CHECKSUMS:
  HQYPlayer: f762cf1e0add031576323b27bb607ca42978ac79
  IJKMediaFramework: f1119f6324c96bc4654f3045a5beaa95ba0596c0
  TXLiteAVSDK_Professional: ed6a4da59ea748bef7fb297c7e6caed4ba6e1619

PODFILE CHECKSUM: 9c3d6019b91a1e4c113b02cbe9a8d92f255f6e32

COCOAPODS: 1.9.3
